PODS:
  - FontAwesome.swift (1.8.1)
  - Koloda (5.0):
    - pop (~> 1.0)
  - pop (1.0.12)
  - Realm (3.17.1):
    - Realm/Headers (= 3.17.1)
  - Realm/Headers (3.17.1)
  - RealmSwift (3.17.1):
    - Realm (= 3.17.1)

DEPENDENCIES:
  - FontAwesome.swift
  - Koloda
  - RealmSwift

SPEC REPOS:
  https://github.com/cocoapods/specs.git:
    - FontAwesome.swift
    - Koloda
    - pop
    - Realm
    - RealmSwift

SPEC CHECKSUMS:
  FontAwesome.swift: 6f55c8ed22a30ab6a8ca94033473161f678dcd4b
  Koloda: 75302d21882cc3e274c1561b1155805ea5919dab
  pop: d582054913807fd11fd50bfe6a539d91c7e1a55a
  Realm: c204f1a890f07dea43b14132a6aad118c054b8f2
  RealmSwift: 4d3c9233544b9cd08a8913e0872b9038eb99b054

PODFILE CHECKSUM: d5b558e7c7acf67701af4ff386078acf051196fa

COCOAPODS: 1.7.5
